<?xml version="1.0" encoding="utf-8"?>
<Project ToolsVersion="4.0" xmlns="http://schemas.microsoft.com/developer/msbuild/2003">
  <ItemGroup>
    <Filter Include="Source Files">
      <UniqueIdentifier>{4FC737F1-C7A5-4376-A066-2A32D752A2FF}</UniqueIdentifier>
      <Extensions>cpp;c;cc;cxx;def;odl;idl;hpj;bat;asm;asmx</Extensions>
    </Filter>
    <Filter Include="Header Files">
      <UniqueIdentifier>{93995380-89BD-4b04-88EB-625FBE52EBFB}</UniqueIdentifier>
      <Extensions>h;hh;hpp;hxx;hm;inl;inc;xsd</Extensions>
    </Filter>
    <Filter Include="Resource Files">
      <UniqueIdentifier>{D9D6E242-F8AF-46E4-B9FD-80ECBC20BA3E}</UniqueIdentifier>
      <Extensions>qrc;*</Extensions>
      <ParseFiles>false</ParseFiles>
    </Filter>
    <Filter Include="Form Files">
      <UniqueIdentifier>{99349809-55BA-4b9d-BF79-8FDBB0286EB3}</UniqueIdentifier>
      <Extensions>ui</Extensions>
    </Filter>
    <Filter Include="Resource Files">
      <UniqueIdentifier>{D9D6E242-F8AF-46E4-B9FD-80ECBC20BA3E}</UniqueIdentifier>
      <Extensions>qrc;*</Extensions>
      <ParseFiles>false</ParseFiles>
    </Filter>
    <Filter Include="Generated Files">
      <UniqueIdentifier>{71ED8ED8-ACB9-4CE9-BBE1-E00B30144E11}</UniqueIdentifier>
      <Extensions>moc;h;cpp</Extensions>
      <SourceControlFiles>False</SourceControlFiles>
    </Filter>
  </ItemGroup>
  <ItemGroup>
    <ClCompile Include="main.cpp">
      <Filter>Source Files</Filter>
    </ClCompile>
    <ClCompile Include="VisAtom2017.cpp">
      <Filter>Source Files</Filter>
    </ClCompile>
    <ClCompile Include="..\VISATOMSRC\SampleDataSheet.cpp">
      <Filter>Source Files</Filter>
    </ClCompile>
    <ClCompile Include="..\VISATOMSRC\VisAtomCliper.cpp">
      <Filter>Source Files</Filter>
    </ClCompile>
    <ClCompile Include="..\VISATOMSRC\VisAtomDataSheet.cpp">
      <Filter>Source Files</Filter>
    </ClCompile>
    <ClCompile Include="..\VISATOMSRC\VisAtomSample.cpp">
      <Filter>Source Files</Filter>
    </ClCompile>
    <ClCompile Include="..\VISATOMSRC\VisAtomSubSample.cpp">
      <Filter>Source Files</Filter>
    </ClCompile>
    <ClCompile Include="..\VISATOMSRC\VisAtomTrajectory.cpp">
      <Filter>Source Files</Filter>
    </ClCompile>
    <ClCompile Include="..\VISATOMSRC\VisAtomVisualizingPolicy.cpp">
      <Filter>Source Files</Filter>
    </ClCompile>
    <ClCompile Include="..\VISATOMSRC\VisClusterEnvelope.cpp">
      <Filter>Source Files</Filter>
    </ClCompile>
    <ClCompile Include="..\GLLIBSRC\Arrow.cpp">
      <Filter>Source Files</Filter>
    </ClCompile>
    <ClCompile Include="..\GLLIBSRC\Arrowline.cpp">
      <Filter>Source Files</Filter>
    </ClCompile>
    <ClCompile Include="..\GLLIBSRC\Bitmap.cpp">
      <Filter>Source Files</Filter>
    </ClCompile>
    <ClCompile Include="..\GLLIBSRC\Circle.cpp">
      <Filter>Source Files</Filter>
    </ClCompile>
    <ClCompile Include="..\GLLIBSRC\Light.cpp">
      <Filter>Source Files</Filter>
    </ClCompile>
    <ClCompile Include="..\GLLIBSRC\Line.cpp">
      <Filter>Source Files</Filter>
    </ClCompile>
    <ClCompile Include="..\GLLIBSRC\Point.cpp">
      <Filter>Source Files</Filter>
    </ClCompile>
    <ClCompile Include="..\GLLIBSRC\Scene.cpp">
      <Filter>Source Files</Filter>
    </ClCompile>
    <ClCompile Include="..\GLLIBSRC\SolidCircle.cpp">
      <Filter>Source Files</Filter>
    </ClCompile>
    <ClCompile Include="..\GLLIBSRC\Sphere.cpp">
      <Filter>Source Files</Filter>
    </ClCompile>
    <ClCompile Include="..\GLLIBSRC\Style.cpp">
      <Filter>Source Files</Filter>
    </ClCompile>
    <ClCompile Include="..\GLLIBSRC\XyPoint.cpp">
      <Filter>Source Files</Filter>
    </ClCompile>
    <ClCompile Include="visatom_atominfo.cpp">
      <Filter>Source Files</Filter>
    </ClCompile>
    <ClCompile Include="visatom_loadtrajecoryThread.cpp">
      <Filter>Source Files</Filter>
    </ClCompile>
    <ClCompile Include="visatom_newcolorpolicydlg.cpp">
      <Filter>Source Files</Filter>
    </ClCompile>
    <ClCompile Include="visatom_newdisplacementdlg.cpp">
      <Filter>Source Files</Filter>
    </ClCompile>
    <ClCompile Include="visatom_newsizepolicydlg.cpp">
      <Filter>Source Files</Filter>
    </ClCompile>
    <ClCompile Include="visatom_newvectorpolicydlg.cpp">
      <Filter>Source Files</Filter>
    </ClCompile>
    <ClCompile Include="visatom_selectsampledataDlg.cpp">
      <Filter>Source Files</Filter>
    </ClCompile>
    <ClCompile Include="visatomaboutdlg.cpp">
      <Filter>Source Files</Filter>
    </ClCompile>
    <ClCompile Include="VisAtomwidget.cpp">
      <Filter>Source Files</Filter>
    </ClCompile>
    <ClCompile Include="visatom_atomfilterdlg.cpp">
      <Filter>Source Files</Filter>
    </ClCompile>
    <ClCompile Include="visatom_findatomdlg.cpp">
      <Filter>Source Files</Filter>
    </ClCompile>
  </ItemGroup>
  <ItemGroup>
    <QtMoc Include="VisAtom2017.h">
      <Filter>Header Files</Filter>
    </QtMoc>
    <QtMoc Include="visatom_loadtrajecoryThread.h">
      <Filter>Header Files</Filter>
    </QtMoc>
    <QtMoc Include="visatom_atominfo.h">
      <Filter>Header Files</Filter>
    </QtMoc>
    <QtMoc Include="visatom_newcolorpolicydlg.h">
      <Filter>Header Files</Filter>
    </QtMoc>
    <QtMoc Include="visatom_newdisplacementdlg.h">
      <Filter>Header Files</Filter>
    </QtMoc>
    <QtMoc Include="visatom_newsizepolicydlg.h">
      <Filter>Header Files</Filter>
    </QtMoc>
    <QtMoc Include="visatom_newvectorpolicydlg.h">
      <Filter>Header Files</Filter>
    </QtMoc>
    <QtMoc Include="visatom_selectsampledataDlg.h">
      <Filter>Header Files</Filter>
    </QtMoc>
    <QtMoc Include="visatomaboutdlg.h">
      <Filter>Header Files</Filter>
    </QtMoc>
    <QtMoc Include="VisAtomwidget.h">
      <Filter>Header Files</Filter>
    </QtMoc>
    <QtMoc Include="visatom_atomfilterdlg.h">
      <Filter>Header Files</Filter>
    </QtMoc>
    <QtMoc Include="visatom_findatomdlg.h">
      <Filter>Header Files</Filter>
    </QtMoc>
  </ItemGroup>
  <ItemGroup>
    <QtUic Include="VisAtom2017.ui">
      <Filter>Form Files</Filter>
    </QtUic>
    <QtUic Include="visatomaboutDlg.ui">
      <Filter>Form Files</Filter>
    </QtUic>
    <QtUic Include="visatom_atominfo.ui">
      <Filter>Form Files</Filter>
    </QtUic>
    <QtUic Include="visatom_newdisplacementDlg.ui">
      <Filter>Form Files</Filter>
    </QtUic>
    <QtUic Include="visatom_newcolorpolicyDlg.ui">
      <Filter>Form Files</Filter>
    </QtUic>
    <QtUic Include="visatom_newsizepolicyDlg.ui">
      <Filter>Form Files</Filter>
    </QtUic>
    <QtUic Include="visatom_selectsampledataDlg.ui">
      <Filter>Form Files</Filter>
    </QtUic>
    <QtUic Include="visatom_newvectorpolicyDlg.ui">
      <Filter>Form Files</Filter>
    </QtUic>
    <QtUic Include="visatom_atomfilterDlg.ui">
      <Filter>Form Files</Filter>
    </QtUic>
    <QtUic Include="visatom_findatomDlg.ui">
      <Filter>Form Files</Filter>
    </QtUic>
  </ItemGroup>
  <ItemGroup>
    <QtRcc Include="VisAtom2017.qrc">
      <Filter>Resource Files</Filter>
    </QtRcc>
  </ItemGroup>
  <ItemGroup>
    <ClInclude Include="..\VISATOMSRC\SampleDataSheet.h">
      <Filter>Header Files</Filter>
    </ClInclude>
    <ClInclude Include="..\VISATOMSRC\VisAtomCliper.h">
      <Filter>Header Files</Filter>
    </ClInclude>
    <ClInclude Include="..\VISATOMSRC\VisAtomDataSheet.h">
      <Filter>Header Files</Filter>
    </ClInclude>
    <ClInclude Include="..\VISATOMSRC\VisAtomExtendObject.h">
      <Filter>Header Files</Filter>
    </ClInclude>
    <ClInclude Include="..\VISATOMSRC\VisAtomSample.h">
      <Filter>Header Files</Filter>
    </ClInclude>
    <ClInclude Include="..\VISATOMSRC\VisAtomSubSample.h">
      <Filter>Header Files</Filter>
    </ClInclude>
    <ClInclude Include="..\VISATOMSRC\VisAtomTrajectory.h">
      <Filter>Header Files</Filter>
    </ClInclude>
    <ClInclude Include="..\VISATOMSRC\VisAtomVisualizingPolicy.h">
      <Filter>Header Files</Filter>
    </ClInclude>
    <ClInclude Include="..\VISATOMSRC\VisClusterEnvelope.h">
      <Filter>Header Files</Filter>
    </ClInclude>
    <ClInclude Include="..\GLLIBSRC\Arrow.h">
      <Filter>Header Files</Filter>
    </ClInclude>
    <ClInclude Include="..\GLLIBSRC\Arrowline.h">
      <Filter>Header Files</Filter>
    </ClInclude>
    <ClInclude Include="..\GLLIBSRC\Bitmap.h">
      <Filter>Header Files</Filter>
    </ClInclude>
    <ClInclude Include="..\GLLIBSRC\Circle.h">
      <Filter>Header Files</Filter>
    </ClInclude>
    <ClInclude Include="..\GLLIBSRC\Light.h">
      <Filter>Header Files</Filter>
    </ClInclude>
    <ClInclude Include="..\GLLIBSRC\Line.h">
      <Filter>Header Files</Filter>
    </ClInclude>
    <ClInclude Include="..\GLLIBSRC\Point.h">
      <Filter>Header Files</Filter>
    </ClInclude>
    <ClInclude Include="..\GLLIBSRC\Scene.h">
      <Filter>Header Files</Filter>
    </ClInclude>
    <ClInclude Include="..\GLLIBSRC\SolidCircle.h">
      <Filter>Header Files</Filter>
    </ClInclude>
    <ClInclude Include="..\GLLIBSRC\Sphere.h">
      <Filter>Header Files</Filter>
    </ClInclude>
    <ClInclude Include="..\GLLIBSRC\Style.h">
      <Filter>Header Files</Filter>
    </ClInclude>
    <ClInclude Include="..\GLLIBSRC\XyPoint.h">
      <Filter>Header Files</Filter>
    </ClInclude>
    <ClInclude Include="resource1.h">
      <Filter>Header Files</Filter>
    </ClInclude>
  </ItemGroup>
  <ItemGroup>
    <ResourceCompile Include="VisAtom20171.rc" />
  </ItemGroup>
</Project>